
Microsoft Visual Studio Solution File, Format Version 12.00
# Visual Studio Version 17
VisualStudioVersion = 17.5.33502.453
MinimumVisualStudioVersion = 10.0.40219.1
Project("{FAE04EC0-301F-11D3-BF4B-00C04F79EFBC}") = "ProyectoFinalSeguridadExamen", "ProyectoFinalSeguridadExamen\ProyectoFinalSeguridadExamen.csproj", "{BE9202C5-22D5-4047-B1FC-04CF0D6FF181}"
EndProject
Global
	GlobalSection(SolutionConfigurationPlatforms) = preSolution
		Debug|Any CPU = Debug|Any CPU
		Release|Any CPU = Release|Any CPU
	EndGlobalSection
	GlobalSection(ProjectConfigurationPlatforms) = postSolution
		{BE9202C5-22D5-4047-B1FC-04CF0D6FF181}.Debug|Any CPU.ActiveCfg = Debug|Any CPU
		{BE9202C5-22D5-4047-B1FC-04CF0D6FF181}.Debug|Any CPU.Build.0 = Debug|Any CPU
		{BE9202C5-22D5-4047-B1FC-04CF0D6FF181}.Release|Any CPU.ActiveCfg = Release|Any CPU
		{BE9202C5-22D5-4047-B1FC-04CF0D6FF181}.Release|Any CPU.Build.0 = Release|Any CPU
	EndGlobalSection
	GlobalSection(SolutionProperties) = preSolution
		HideSolutionNode = FALSE
	EndGlobalSection
	GlobalSection(ExtensibilityGlobals) = postSolution
		SolutionGuid = {1E859EB0-7D5B-41D6-9540-C2EC8FF2E309}
	EndGlobalSection
EndGlobal
